
Microsoft Visual Studio Solution File, Format Version 12.00
# Visual Studio Version 17
VisualStudioVersion = 17.2.32516.85
MinimumVisualStudioVersion = 10.0.40219.1
Project("{9A19103F-16F7-4668-BE54-9A1E7A4F7556}") = "ExpensesApi", "ExpensesApi\ExpensesApi.csproj", "{3462C663-7232-4310-8C21-704867D5D011}"
EndProject
Project("{9A19103F-16F7-4668-BE54-9A1E7A4F7556}") = "DatabaseProj", "DatabaseProj\DatabaseProj.csproj", "{374564B8-7B2F-4259-9878-DF2AB5D5F419}"
EndProject
Project("{9A19103F-16F7-4668-BE54-9A1E7A4F7556}") = "ServiceProj", "ServiceProj\ServiceProj.csproj", "{63B70C14-D8BA-4F02-97B2-37470E4E249D}"
EndProject
Global
	GlobalSection(SolutionConfigurationPlatforms) = preSolution
		Debug|Any CPU = Debug|Any CPU
		Release|Any CPU = Release|Any CPU
	EndGlobalSection
	GlobalSection(ProjectConfigurationPlatforms) = postSolution
		{3462C663-7232-4310-8C21-704867D5D011}.Debug|Any CPU.ActiveCfg = Debug|Any CPU
		{3462C663-7232-4310-8C21-704867D5D011}.Debug|Any CPU.Build.0 = Debug|Any CPU
		{3462C663-7232-4310-8C21-704867D5D011}.Release|Any CPU.ActiveCfg = Release|Any CPU
		{3462C663-7232-4310-8C21-704867D5D011}.Release|Any CPU.Build.0 = Release|Any CPU
		{374564B8-7B2F-4259-9878-DF2AB5D5F419}.Debug|Any CPU.ActiveCfg = Debug|Any CPU
		{374564B8-7B2F-4259-9878-DF2AB5D5F419}.Debug|Any CPU.Build.0 = Debug|Any CPU
		{374564B8-7B2F-4259-9878-DF2AB5D5F419}.Release|Any CPU.ActiveCfg = Release|Any CPU
		{374564B8-7B2F-4259-9878-DF2AB5D5F419}.Release|Any CPU.Build.0 = Release|Any CPU
		{63B70C14-D8BA-4F02-97B2-37470E4E249D}.Debug|Any CPU.ActiveCfg = Debug|Any CPU
		{63B70C14-D8BA-4F02-97B2-37470E4E249D}.Debug|Any CPU.Build.0 = Debug|Any CPU
		{63B70C14-D8BA-4F02-97B2-37470E4E249D}.Release|Any CPU.ActiveCfg = Release|Any CPU
		{63B70C14-D8BA-4F02-97B2-37470E4E249D}.Release|Any CPU.Build.0 = Release|Any CPU
	EndGlobalSection
	GlobalSection(SolutionProperties) = preSolution
		HideSolutionNode = FALSE
	EndGlobalSection
	GlobalSection(ExtensibilityGlobals) = postSolution
		SolutionGuid = {3FE34D80-BE8E-4C1D-903B-FB0D41833BA7}
	EndGlobalSection
EndGlobal
