
Microsoft Visual Studio Solution File, Format Version 12.00
# Visual Studio Version 17
VisualStudioVersion = 17.2.32516.85
MinimumVisualStudioVersion = 10.0.40219.1
Project("{9A19103F-16F7-4668-BE54-9A1E7A4F7556}") = "ExpensesApi", "ExpensesApi\ExpensesApi.csproj", "{3462C663-7232-4310-8C21-704867D5D011}"
EndProject
Project("{9A19103F-16F7-4668-BE54-9A1E7A4F7556}") = "Domain", "DatabaseProj\Domain.csproj", "{374564B8-7B2F-4259-9878-DF2AB5D5F419}"
EndProject
Project("{9A19103F-16F7-4668-BE54-9A1E7A4F7556}") = "Infrastructure.EF", "Infrastructure\Infrastructure.EF.csproj", "{9E2E8C27-AACC-442F-8E60-8AC41AB1C8C8}"
EndProject
Project("{9A19103F-16F7-4668-BE54-9A1E7A4F7556}") = "Application", "Application\Application.csproj", "{D56993A1-184C-4FA9-BE1D-3AA4A4AFBDC2}"
EndProject
Project("{2150E333-8FDC-42A3-9474-1A3956D46DE8}") = "Infrastructure", "Infrastructure", "{93D500FC-89F3-4313-A327-A43EF4132405}"
EndProject
Project("{2150E333-8FDC-42A3-9474-1A3956D46DE8}") = "Application", "Application", "{8A8CAC77-32EF-4F3A-AFFF-CEB889AB8341}"
EndProject
Project("{9A19103F-16F7-4668-BE54-9A1E7A4F7556}") = "Infrastructure.SeedData", "SeedData\Infrastructure.SeedData.csproj", "{11D93E7B-F28D-47D6-8521-29DF90F3A3D7}"
EndProject
Project("{2150E333-8FDC-42A3-9474-1A3956D46DE8}") = "Core", "Core", "{877A0B0B-AF08-48CE-B828-E6305FA2603B}"
EndProject
Project("{9A19103F-16F7-4668-BE54-9A1E7A4F7556}") = "Infrastructure.Dapper", "Infrastructure.Dapper\Infrastructure.Dapper.csproj", "{82E64F15-0D84-4FFF-B75E-D95558E3F11E}"
EndProject
Project("{9A19103F-16F7-4668-BE54-9A1E7A4F7556}") = "Infrastructure.Authentication", "Infrastructure.Authentication\Infrastructure.Authentication.csproj", "{7B054E87-47F2-4948-8DAC-663A8DD1C782}"
EndProject
Project("{9A19103F-16F7-4668-BE54-9A1E7A4F7556}") = "Application.Authentication", "Application.Authentication\Application.Authentication.csproj", "{ED933D64-95E8-46A6-9ABC-6B39A235B5C9}"
EndProject
Project("{FAE04EC0-301F-11D3-BF4B-00C04F79EFBC}") = "Application.Tests", "Application.Tests\Application.Tests.csproj", "{290D5EAF-2E06-41D1-8538-09D0C34A54E4}"
EndProject
Project("{2150E333-8FDC-42A3-9474-1A3956D46DE8}") = "Tests", "Tests", "{9839C0F5-FF2F-4B69-A6A9-9C9EEADB7EF1}"
EndProject
Global
	GlobalSection(SolutionConfigurationPlatforms) = preSolution
		Debug|Any CPU = Debug|Any CPU
		Release|Any CPU = Release|Any CPU
	EndGlobalSection
	GlobalSection(ProjectConfigurationPlatforms) = postSolution
		{3462C663-7232-4310-8C21-704867D5D011}.Debug|Any CPU.ActiveCfg = Debug|Any CPU
		{3462C663-7232-4310-8C21-704867D5D011}.Debug|Any CPU.Build.0 = Debug|Any CPU
		{3462C663-7232-4310-8C21-704867D5D011}.Release|Any CPU.ActiveCfg = Release|Any CPU
		{3462C663-7232-4310-8C21-704867D5D011}.Release|Any CPU.Build.0 = Release|Any CPU
		{374564B8-7B2F-4259-9878-DF2AB5D5F419}.Debug|Any CPU.ActiveCfg = Debug|Any CPU
		{374564B8-7B2F-4259-9878-DF2AB5D5F419}.Debug|Any CPU.Build.0 = Debug|Any CPU
		{374564B8-7B2F-4259-9878-DF2AB5D5F419}.Release|Any CPU.ActiveCfg = Release|Any CPU
		{374564B8-7B2F-4259-9878-DF2AB5D5F419}.Release|Any CPU.Build.0 = Release|Any CPU
		{9E2E8C27-AACC-442F-8E60-8AC41AB1C8C8}.Debug|Any CPU.ActiveCfg = Debug|Any CPU
		{9E2E8C27-AACC-442F-8E60-8AC41AB1C8C8}.Debug|Any CPU.Build.0 = Debug|Any CPU
		{9E2E8C27-AACC-442F-8E60-8AC41AB1C8C8}.Release|Any CPU.ActiveCfg = Release|Any CPU
		{9E2E8C27-AACC-442F-8E60-8AC41AB1C8C8}.Release|Any CPU.Build.0 = Release|Any CPU
		{D56993A1-184C-4FA9-BE1D-3AA4A4AFBDC2}.Debug|Any CPU.ActiveCfg = Debug|Any CPU
		{D56993A1-184C-4FA9-BE1D-3AA4A4AFBDC2}.Debug|Any CPU.Build.0 = Debug|Any CPU
		{D56993A1-184C-4FA9-BE1D-3AA4A4AFBDC2}.Release|Any CPU.ActiveCfg = Release|Any CPU
		{D56993A1-184C-4FA9-BE1D-3AA4A4AFBDC2}.Release|Any CPU.Build.0 = Release|Any CPU
		{11D93E7B-F28D-47D6-8521-29DF90F3A3D7}.Debug|Any CPU.ActiveCfg = Debug|Any CPU
		{11D93E7B-F28D-47D6-8521-29DF90F3A3D7}.Debug|Any CPU.Build.0 = Debug|Any CPU
		{11D93E7B-F28D-47D6-8521-29DF90F3A3D7}.Release|Any CPU.ActiveCfg = Release|Any CPU
		{11D93E7B-F28D-47D6-8521-29DF90F3A3D7}.Release|Any CPU.Build.0 = Release|Any CPU
		{82E64F15-0D84-4FFF-B75E-D95558E3F11E}.Debug|Any CPU.ActiveCfg = Debug|Any CPU
		{82E64F15-0D84-4FFF-B75E-D95558E3F11E}.Debug|Any CPU.Build.0 = Debug|Any CPU
		{82E64F15-0D84-4FFF-B75E-D95558E3F11E}.Release|Any CPU.ActiveCfg = Release|Any CPU
		{82E64F15-0D84-4FFF-B75E-D95558E3F11E}.Release|Any CPU.Build.0 = Release|Any CPU
		{7B054E87-47F2-4948-8DAC-663A8DD1C782}.Debug|Any CPU.ActiveCfg = Debug|Any CPU
		{7B054E87-47F2-4948-8DAC-663A8DD1C782}.Debug|Any CPU.Build.0 = Debug|Any CPU
		{7B054E87-47F2-4948-8DAC-663A8DD1C782}.Release|Any CPU.ActiveCfg = Release|Any CPU
		{7B054E87-47F2-4948-8DAC-663A8DD1C782}.Release|Any CPU.Build.0 = Release|Any CPU
		{ED933D64-95E8-46A6-9ABC-6B39A235B5C9}.Debug|Any CPU.ActiveCfg = Debug|Any CPU
		{ED933D64-95E8-46A6-9ABC-6B39A235B5C9}.Debug|Any CPU.Build.0 = Debug|Any CPU
		{ED933D64-95E8-46A6-9ABC-6B39A235B5C9}.Release|Any CPU.ActiveCfg = Release|Any CPU
		{ED933D64-95E8-46A6-9ABC-6B39A235B5C9}.Release|Any CPU.Build.0 = Release|Any CPU
		{290D5EAF-2E06-41D1-8538-09D0C34A54E4}.Debug|Any CPU.ActiveCfg = Debug|Any CPU
		{290D5EAF-2E06-41D1-8538-09D0C34A54E4}.Debug|Any CPU.Build.0 = Debug|Any CPU
		{290D5EAF-2E06-41D1-8538-09D0C34A54E4}.Release|Any CPU.ActiveCfg = Release|Any CPU
		{290D5EAF-2E06-41D1-8538-09D0C34A54E4}.Release|Any CPU.Build.0 = Release|Any CPU
	EndGlobalSection
	GlobalSection(SolutionProperties) = preSolution
		HideSolutionNode = FALSE
	EndGlobalSection
	GlobalSection(NestedProjects) = preSolution
		{374564B8-7B2F-4259-9878-DF2AB5D5F419} = {877A0B0B-AF08-48CE-B828-E6305FA2603B}
		{9E2E8C27-AACC-442F-8E60-8AC41AB1C8C8} = {93D500FC-89F3-4313-A327-A43EF4132405}
		{D56993A1-184C-4FA9-BE1D-3AA4A4AFBDC2} = {8A8CAC77-32EF-4F3A-AFFF-CEB889AB8341}
		{11D93E7B-F28D-47D6-8521-29DF90F3A3D7} = {93D500FC-89F3-4313-A327-A43EF4132405}
		{82E64F15-0D84-4FFF-B75E-D95558E3F11E} = {93D500FC-89F3-4313-A327-A43EF4132405}
		{7B054E87-47F2-4948-8DAC-663A8DD1C782} = {93D500FC-89F3-4313-A327-A43EF4132405}
		{ED933D64-95E8-46A6-9ABC-6B39A235B5C9} = {8A8CAC77-32EF-4F3A-AFFF-CEB889AB8341}
		{290D5EAF-2E06-41D1-8538-09D0C34A54E4} = {9839C0F5-FF2F-4B69-A6A9-9C9EEADB7EF1}
	EndGlobalSection
	GlobalSection(ExtensibilityGlobals) = postSolution
		SolutionGuid = {3FE34D80-BE8E-4C1D-903B-FB0D41833BA7}
	EndGlobalSection
EndGlobal
